// !$*UTF8*$!
{
	archiveVersion = 1;
	classes = {
	};
	objectVersion = 51;
	objects = {

/* Begin PBXBuildFile section */
		3172836326F0487B0016273B /* WebPluginInterface.swift in Sources */ = {isa = PBXBuildFile; fileRef = 3172836226F0487B0016273B /* WebPluginInterface.swift */; };
		3172836526F048B50016273B /* WebPluginManager.swift in Sources */ = {isa = PBXBuildFile; fileRef = 3172836426F048B50016273B /* WebPluginManager.swift */; };
		3172836826F049E60016273B /* GetAccountPlugin.swift in Sources */ = {isa = PBXBuildFile; fileRef = 3172836726F049E60016273B /* GetAccountPlugin.swift */; };
		3172837426F07D260016273B /* ImagePickerHelper.swift in Sources */ = {isa = PBXBuildFile; fileRef = 3172837326F07D260016273B /* ImagePickerHelper.swift */; };
		3172837626F08A230016273B /* ImageGroup.swift in Sources */ = {isa = PBXBuildFile; fileRef = 3172837526F08A230016273B /* ImageGroup.swift */; };
		3172837A26F08A5E0016273B /* ImagePickerType.swift in Sources */ = {isa = PBXBuildFile; fileRef = 3172837926F08A5E0016273B /* ImagePickerType.swift */; };
		31AE94F026EF2D9900752A5C /* AppDelegate.swift in Sources */ = {isa = PBXBuildFile; fileRef = 31AE94EF26EF2D9900752A5C /* AppDelegate.swift */; };
		31AE94F426EF2D9900752A5C /* ViewController.swift in Sources */ = {isa = PBXBuildFile; fileRef = 31AE94F326EF2D9900752A5C /* ViewController.swift */; };
		31AE94F726EF2D9900752A5C /* Main.storyboard in Resources */ = {isa = PBXBuildFile; fileRef = 31AE94F526EF2D9900752A5C /* Main.storyboard */; };
		31AE94F926EF2D9A00752A5C /* Assets.xcassets in Resources */ = {isa = PBXBuildFile; fileRef = 31AE94F826EF2D9A00752A5C /* Assets.xcassets */; };
		31AE94FC26EF2D9A00752A5C /* LaunchScreen.storyboard in Resources */ = {isa = PBXBuildFile; fileRef = 31AE94FA26EF2D9A00752A5C /* LaunchScreen.storyboard */; };
		31AE950A26EF2DD400752A5C /* Development.swift in Sources */ = {isa = PBXBuildFile; fileRef = 31AE950426EF2DD400752A5C /* Development.swift */; };
		31AE950B26EF2DD400752A5C /* EnvironmentInterface.swift in Sources */ = {isa = PBXBuildFile; fileRef = 31AE950526EF2DD400752A5C /* EnvironmentInterface.swift */; };
		31AE950C26EF2DD400752A5C /* Production.swift in Sources */ = {isa = PBXBuildFile; fileRef = 31AE950626EF2DD400752A5C /* Production.swift */; };
		31AE950D26EF2DD400752A5C /* EnvironmentManager.swift in Sources */ = {isa = PBXBuildFile; fileRef = 31AE950726EF2DD400752A5C /* EnvironmentManager.swift */; };
		31AE950E26EF2DD400752A5C /* Release.swift in Sources */ = {isa = PBXBuildFile; fileRef = 31AE950826EF2DD400752A5C /* Release.swift */; };
		31AE950F26EF2DD400752A5C /* EnvironmentType.swift in Sources */ = {isa = PBXBuildFile; fileRef = 31AE950926EF2DD400752A5C /* EnvironmentType.swift */; };
		31AE951826EF33C400752A5C /* ShareObject.swift in Sources */ = {isa = PBXBuildFile; fileRef = 31AE951426EF33C400752A5C /* ShareObject.swift */; };
		31AE951926EF33C400752A5C /* ShareManager.swift in Sources */ = {isa = PBXBuildFile; fileRef = 31AE951526EF33C400752A5C /* ShareManager.swift */; };
		31AE951A26EF33C400752A5C /* ShareInterface.swift in Sources */ = {isa = PBXBuildFile; fileRef = 31AE951626EF33C400752A5C /* ShareInterface.swift */; };
		31AE951B26EF33C400752A5C /* SharePlatform.swift in Sources */ = {isa = PBXBuildFile; fileRef = 31AE951726EF33C400752A5C /* SharePlatform.swift */; };
		31AE951E26EF33D800752A5C /* QQShare.swift in Sources */ = {isa = PBXBuildFile; fileRef = 31AE951D26EF33D800752A5C /* QQShare.swift */; };
		31AE952026EF33E000752A5C /* WeChatShare.swift in Sources */ = {isa = PBXBuildFile; fileRef = 31AE951F26EF33E000752A5C /* WeChatShare.swift */; };
		31AE952526EF36AA00752A5C /* Router.swift in Sources */ = {isa = PBXBuildFile; fileRef = 31AE952426EF36AA00752A5C /* Router.swift */; };
		31AE952A26EF370400752A5C /* TargetInterface.swift in Sources */ = {isa = PBXBuildFile; fileRef = 31AE952826EF370400752A5C /* TargetInterface.swift */; };
		31AE952E26EF39E500752A5C /* TargetMember.swift in Sources */ = {isa = PBXBuildFile; fileRef = 31AE952D26EF39E500752A5C /* TargetMember.swift */; };
		31AE953226EF45DE00752A5C /* TargetLogin.swift in Sources */ = {isa = PBXBuildFile; fileRef = 31AE953126EF45DE00752A5C /* TargetLogin.swift */; };
		31D5A4E026F1945600BADB43 /* CoreTargetType.swift in Sources */ = {isa = PBXBuildFile; fileRef = 31D5A4D726F1945600BADB43 /* CoreTargetType.swift */; };
		31D5A4E126F1945600BADB43 /* NetworkError.swift in Sources */ = {isa = PBXBuildFile; fileRef = 31D5A4D926F1945600BADB43 /* NetworkError.swift */; };
		31D5A4E226F1945600BADB43 /* ResponseDataModel.swift in Sources */ = {isa = PBXBuildFile; fileRef = 31D5A4DB26F1945600BADB43 /* ResponseDataModel.swift */; };
		31D5A4E326F1945600BADB43 /* Response + map.swift in Sources */ = {isa = PBXBuildFile; fileRef = 31D5A4DC26F1945600BADB43 /* Response + map.swift */; };
		31D5A4E426F1945600BADB43 /* PluginLogger.swift in Sources */ = {isa = PBXBuildFile; fileRef = 31D5A4DE26F1945600BADB43 /* PluginLogger.swift */; };
		31D5A4E526F1945600BADB43 /* PluginTimeout.swift in Sources */ = {isa = PBXBuildFile; fileRef = 31D5A4DF26F1945600BADB43 /* PluginTimeout.swift */; };
		31D5A4EA26F199B700BADB43 /* LoginTarget.swift in Sources */ = {isa = PBXBuildFile; fileRef = 31D5A4E926F199B700BADB43 /* LoginTarget.swift */; };
		31D5A4ED26F1A52000BADB43 /* PluginCaches.swift in Sources */ = {isa = PBXBuildFile; fileRef = 31D5A4EC26F1A52000BADB43 /* PluginCaches.swift */; };
		7DF32DCB5D5CC5A3636E67FB /* Pods_Example.framework in Frameworks */ = {isa = PBXBuildFile; fileRef = A21C3E96C8FC36E2F0E638A1 /* Pods_Example.framework */; };
/* End PBXBuildFile section */

/* Begin PBXFileReference section */
		3172836226F0487B0016273B /* WebPluginInterface.swift */ = {isa = PBXFileReference; lastKnownFileType = sourcecode.swift; path = WebPluginInterface.swift; sourceTree = "<group>"; };
		3172836426F048B50016273B /* WebPluginManager.swift */ = {isa = PBXFileReference; lastKnownFileType = sourcecode.swift; path = WebPluginManager.swift; sourceTree = "<group>"; };
		3172836726F049E60016273B /* GetAccountPlugin.swift */ = {isa = PBXFileReference; lastKnownFileType = sourcecode.swift; path = GetAccountPlugin.swift; sourceTree = "<group>"; };
		3172837326F07D260016273B /* ImagePickerHelper.swift */ = {isa = PBXFileReference; lastKnownFileType = sourcecode.swift; path = ImagePickerHelper.swift; sourceTree = "<group>"; };
		3172837526F08A230016273B /* ImageGroup.swift */ = {isa = PBXFileReference; lastKnownFileType = sourcecode.swift; path = ImageGroup.swift; sourceTree = "<group>"; };
		3172837926F08A5E0016273B /* ImagePickerType.swift */ = {isa = PBXFileReference; lastKnownFileType = sourcecode.swift; path = ImagePickerType.swift; sourceTree = "<group>"; };
		31AE94EC26EF2D9900752A5C /* Example.app */ = {isa = PBXFileReference; explicitFileType = wrapper.application; includeInIndex = 0; path = Example.app; sourceTree = BUILT_PRODUCTS_DIR; };
		31AE94EF26EF2D9900752A5C /* AppDelegate.swift */ = {isa = PBXFileReference; lastKnownFileType = sourcecode.swift; path = AppDelegate.swift; sourceTree = "<group>"; };
		31AE94F326EF2D9900752A5C /* ViewController.swift */ = {isa = PBXFileReference; lastKnownFileType = sourcecode.swift; path = ViewController.swift; sourceTree = "<group>"; };
		31AE94F626EF2D9900752A5C /* Base */ = {isa = PBXFileReference; lastKnownFileType = file.storyboard; name = Base; path = Base.lproj/Main.storyboard; sourceTree = "<group>"; };
		31AE94F826EF2D9A00752A5C /* Assets.xcassets */ = {isa = PBXFileReference; lastKnownFileType = folder.assetcatalog; path = Assets.xcassets; sourceTree = "<group>"; };
		31AE94FB26EF2D9A00752A5C /* Base */ = {isa = PBXFileReference; lastKnownFileType = file.storyboard; name = Base; path = Base.lproj/LaunchScreen.storyboard; sourceTree = "<group>"; };
		31AE94FD26EF2D9A00752A5C /* Info.plist */ = {isa = PBXFileReference; lastKnownFileType = text.plist.xml; path = Info.plist; sourceTree = "<group>"; };
		31AE950426EF2DD400752A5C /* Development.swift */ = {isa = PBXFileReference; fileEncoding = 4; lastKnownFileType = sourcecode.swift; path = Development.swift; sourceTree = "<group>"; };
		31AE950526EF2DD400752A5C /* EnvironmentInterface.swift */ = {isa = PBXFileReference; fileEncoding = 4; lastKnownFileType = sourcecode.swift; path = EnvironmentInterface.swift; sourceTree = "<group>"; };
		31AE950626EF2DD400752A5C /* Production.swift */ = {isa = PBXFileReference; fileEncoding = 4; lastKnownFileType = sourcecode.swift; path = Production.swift; sourceTree = "<group>"; };
		31AE950726EF2DD400752A5C /* EnvironmentManager.swift */ = {isa = PBXFileReference; fileEncoding = 4; lastKnownFileType = sourcecode.swift; path = EnvironmentManager.swift; sourceTree = "<group>"; };
		31AE950826EF2DD400752A5C /* Release.swift */ = {isa = PBXFileReference; fileEncoding = 4; lastKnownFileType = sourcecode.swift; path = Release.swift; sourceTree = "<group>"; };
		31AE950926EF2DD400752A5C /* EnvironmentType.swift */ = {isa = PBXFileReference; fileEncoding = 4; lastKnownFileType = sourcecode.swift; path = EnvironmentType.swift; sourceTree = "<group>"; };
		31AE951426EF33C400752A5C /* ShareObject.swift */ = {isa = PBXFileReference; fileEncoding = 4; lastKnownFileType = sourcecode.swift; path = ShareObject.swift; sourceTree = "<group>"; };
		31AE951526EF33C400752A5C /* ShareManager.swift */ = {isa = PBXFileReference; fileEncoding = 4; lastKnownFileType = sourcecode.swift; path = ShareManager.swift; sourceTree = "<group>"; };
		31AE951626EF33C400752A5C /* ShareInterface.swift */ = {isa = PBXFileReference; fileEncoding = 4; lastKnownFileType = sourcecode.swift; path = ShareInterface.swift; sourceTree = "<group>"; };
		31AE951726EF33C400752A5C /* SharePlatform.swift */ = {isa = PBXFileReference; fileEncoding = 4; lastKnownFileType = sourcecode.swift; path = SharePlatform.swift; sourceTree = "<group>"; };
		31AE951D26EF33D800752A5C /* QQShare.swift */ = {isa = PBXFileReference; fileEncoding = 4; lastKnownFileType = sourcecode.swift; path = QQShare.swift; sourceTree = "<group>"; };
		31AE951F26EF33E000752A5C /* WeChatShare.swift */ = {isa = PBXFileReference; fileEncoding = 4; lastKnownFileType = sourcecode.swift; path = WeChatShare.swift; sourceTree = "<group>"; };
		31AE952426EF36AA00752A5C /* Router.swift */ = {isa = PBXFileReference; lastKnownFileType = sourcecode.swift; path = Router.swift; sourceTree = "<group>"; };
		31AE952826EF370400752A5C /* TargetInterface.swift */ = {isa = PBXFileReference; fileEncoding = 4; lastKnownFileType = sourcecode.swift; path = TargetInterface.swift; sourceTree = "<group>"; };
		31AE952D26EF39E500752A5C /* TargetMember.swift */ = {isa = PBXFileReference; lastKnownFileType = sourcecode.swift; path = TargetMember.swift; sourceTree = "<group>"; };
		31AE953126EF45DE00752A5C /* TargetLogin.swift */ = {isa = PBXFileReference; lastKnownFileType = sourcecode.swift; path = TargetLogin.swift; sourceTree = "<group>"; };
		31D5A4D726F1945600BADB43 /* CoreTargetType.swift */ = {isa = PBXFileReference; fileEncoding = 4; lastKnownFileType = sourcecode.swift; path = CoreTargetType.swift; sourceTree = "<group>"; };
		31D5A4D926F1945600BADB43 /* NetworkError.swift */ = {isa = PBXFileReference; fileEncoding = 4; lastKnownFileType = sourcecode.swift; path = NetworkError.swift; sourceTree = "<group>"; };
		31D5A4DB26F1945600BADB43 /* ResponseDataModel.swift */ = {isa = PBXFileReference; fileEncoding = 4; lastKnownFileType = sourcecode.swift; path = ResponseDataModel.swift; sourceTree = "<group>"; };
		31D5A4DC26F1945600BADB43 /* Response + map.swift */ = {isa = PBXFileReference; fileEncoding = 4; lastKnownFileType = sourcecode.swift; path = "Response + map.swift"; sourceTree = "<group>"; };
		31D5A4DE26F1945600BADB43 /* PluginLogger.swift */ = {isa = PBXFileReference; fileEncoding = 4; lastKnownFileType = sourcecode.swift; path = PluginLogger.swift; sourceTree = "<group>"; };
		31D5A4DF26F1945600BADB43 /* PluginTimeout.swift */ = {isa = PBXFileReference; fileEncoding = 4; lastKnownFileType = sourcecode.swift; path = PluginTimeout.swift; sourceTree = "<group>"; };
		31D5A4E926F199B700BADB43 /* LoginTarget.swift */ = {isa = PBXFileReference; lastKnownFileType = sourcecode.swift; path = LoginTarget.swift; sourceTree = "<group>"; };
		31D5A4EC26F1A52000BADB43 /* PluginCaches.swift */ = {isa = PBXFileReference; lastKnownFileType = sourcecode.swift; path = PluginCaches.swift; sourceTree = "<group>"; };
		A1CF6D0EBC322646860E048F /* Pods-Example.debug.xcconfig */ = {isa = PBXFileReference; includeInIndex = 1; lastKnownFileType = text.xcconfig; name = "Pods-Example.debug.xcconfig"; path = "Target Support Files/Pods-Example/Pods-Example.debug.xcconfig"; sourceTree = "<group>"; };
		A21C3E96C8FC36E2F0E638A1 /* Pods_Example.framework */ = {isa = PBXFileReference; explicitFileType = wrapper.framework; includeInIndex = 0; path = Pods_Example.framework; sourceTree = BUILT_PRODUCTS_DIR; };
		DF3D1D5AB735F939AA73E732 /* Pods-Example.release.xcconfig */ = {isa = PBXFileReference; includeInIndex = 1; lastKnownFileType = text.xcconfig; name = "Pods-Example.release.xcconfig"; path = "Target Support Files/Pods-Example/Pods-Example.release.xcconfig"; sourceTree = "<group>"; };
/* End PBXFileReference section */

/* Begin PBXFrameworksBuildPhase section */
		31AE94E926EF2D9900752A5C /* Frameworks */ = {
			isa = PBXFrameworksBuildPhase;
			buildActionMask = 2147483647;
			files = (
				7DF32DCB5D5CC5A3636E67FB /* Pods_Example.framework in Frameworks */,
			);
			runOnlyForDeploymentPostprocessing = 0;
		};
/* End PBXFrameworksBuildPhase section */

/* Begin PBXGroup section */
		1F24F7049A05A96721F59E5E /* Frameworks */ = {
			isa = PBXGroup;
			children = (
				A21C3E96C8FC36E2F0E638A1 /* Pods_Example.framework */,
			);
			name = Frameworks;
			sourceTree = "<group>";
		};
		2ED7A75DA8933C098615067A /* Pods */ = {
			isa = PBXGroup;
			children = (
				A1CF6D0EBC322646860E048F /* Pods-Example.debug.xcconfig */,
				DF3D1D5AB735F939AA73E732 /* Pods-Example.release.xcconfig */,
			);
			path = Pods;
			sourceTree = "<group>";
		};
		3172835C26F048420016273B /* WebPlugins */ = {
			isa = PBXGroup;
			children = (
				3172836626F049BB0016273B /* Plugins */,
				3172835D26F048530016273B /* Core */,
			);
			path = WebPlugins;
			sourceTree = "<group>";
		};
		3172835D26F048530016273B /* Core */ = {
			isa = PBXGroup;
			children = (
				3172836426F048B50016273B /* WebPluginManager.swift */,
				3172836226F0487B0016273B /* WebPluginInterface.swift */,
			);
			path = Core;
			sourceTree = "<group>";
		};
		3172836626F049BB0016273B /* Plugins */ = {
			isa = PBXGroup;
			children = (
				3172836726F049E60016273B /* GetAccountPlugin.swift */,
			);
			path = Plugins;
			sourceTree = "<group>";
		};
		3172836926F076700016273B /* ImagePicker */ = {
			isa = PBXGroup;
			children = (
				3172837926F08A5E0016273B /* ImagePickerType.swift */,
				3172837526F08A230016273B /* ImageGroup.swift */,
				3172837326F07D260016273B /* ImagePickerHelper.swift */,
			);
			path = ImagePicker;
			sourceTree = "<group>";
		};
		31AE94E326EF2D9900752A5C = {
			isa = PBXGroup;
			children = (
				31AE94EE26EF2D9900752A5C /* Example */,
				31AE94ED26EF2D9900752A5C /* Products */,
				2ED7A75DA8933C098615067A /* Pods */,
				1F24F7049A05A96721F59E5E /* Frameworks */,
			);
			sourceTree = "<group>";
		};
		31AE94ED26EF2D9900752A5C /* Products */ = {
			isa = PBXGroup;
			children = (
				31AE94EC26EF2D9900752A5C /* Example.app */,
			);
			name = Products;
			sourceTree = "<group>";
		};
		31AE94EE26EF2D9900752A5C /* Example */ = {
			isa = PBXGroup;
			children = (
				31AE94EF26EF2D9900752A5C /* AppDelegate.swift */,
				31AE94F326EF2D9900752A5C /* ViewController.swift */,
				31D5A4D126F190F400BADB43 /* Network */,
				3172836926F076700016273B /* ImagePicker */,
				3172835C26F048420016273B /* WebPlugins */,
				31AE952126EF35F100752A5C /* Router */,
				31AE951226EF336500752A5C /* Share */,
				31AE950326EF2DBD00752A5C /* Environment */,
				31AE94F526EF2D9900752A5C /* Main.storyboard */,
				31AE94F826EF2D9A00752A5C /* Assets.xcassets */,
				31AE94FA26EF2D9A00752A5C /* LaunchScreen.storyboard */,
				31AE94FD26EF2D9A00752A5C /* Info.plist */,
			);
			path = Example;
			sourceTree = "<group>";
		};
		31AE950326EF2DBD00752A5C /* Environment */ = {
			isa = PBXGroup;
			children = (
				31AE951126EF2DED00752A5C /* Instance */,
				31AE951026EF2DE500752A5C /* Core */,
			);
			path = Environment;
			sourceTree = "<group>";
		};
		31AE951026EF2DE500752A5C /* Core */ = {
			isa = PBXGroup;
			children = (
				31AE950526EF2DD400752A5C /* EnvironmentInterface.swift */,
				31AE950726EF2DD400752A5C /* EnvironmentManager.swift */,
				31AE950926EF2DD400752A5C /* EnvironmentType.swift */,
			);
			path = Core;
			sourceTree = "<group>";
		};
		31AE951126EF2DED00752A5C /* Instance */ = {
			isa = PBXGroup;
			children = (
				31AE950426EF2DD400752A5C /* Development.swift */,
				31AE950626EF2DD400752A5C /* Production.swift */,
				31AE950826EF2DD400752A5C /* Release.swift */,
			);
			path = Instance;
			sourceTree = "<group>";
		};
		31AE951226EF336500752A5C /* Share */ = {
			isa = PBXGroup;
			children = (
				31AE951C26EF33C900752A5C /* Instance */,
				31AE951326EF33B400752A5C /* Core */,
			);
			path = Share;
			sourceTree = "<group>";
		};
		31AE951326EF33B400752A5C /* Core */ = {
			isa = PBXGroup;
			children = (
				31AE951626EF33C400752A5C /* ShareInterface.swift */,
				31AE951526EF33C400752A5C /* ShareManager.swift */,
				31AE951426EF33C400752A5C /* ShareObject.swift */,
				31AE951726EF33C400752A5C /* SharePlatform.swift */,
			);
			path = Core;
			sourceTree = "<group>";
		};
		31AE951C26EF33C900752A5C /* Instance */ = {
			isa = PBXGroup;
			children = (
				31AE951D26EF33D800752A5C /* QQShare.swift */,
				31AE951F26EF33E000752A5C /* WeChatShare.swift */,
			);
			path = Instance;
			sourceTree = "<group>";
		};
		31AE952126EF35F100752A5C /* Router */ = {
			isa = PBXGroup;
			children = (
				31AE952C26EF39D300752A5C /* Targets */,
				31AE952226EF35F700752A5C /* Core */,
			);
			path = Router;
			sourceTree = "<group>";
		};
		31AE952226EF35F700752A5C /* Core */ = {
			isa = PBXGroup;
			children = (
				31AE952426EF36AA00752A5C /* Router.swift */,
				31AE952826EF370400752A5C /* TargetInterface.swift */,
			);
			path = Core;
			sourceTree = "<group>";
		};
		31AE952C26EF39D300752A5C /* Targets */ = {
			isa = PBXGroup;
			children = (
				31AE952D26EF39E500752A5C /* TargetMember.swift */,
				31AE953126EF45DE00752A5C /* TargetLogin.swift */,
			);
			path = Targets;
			sourceTree = "<group>";
		};
		31D5A4D126F190F400BADB43 /* Network */ = {
			isa = PBXGroup;
			children = (
				31D5A4E826F199A300BADB43 /* Instance */,
				31D5A4E726F1999E00BADB43 /* Core */,
			);
			path = Network;
			sourceTree = "<group>";
		};
		31D5A4D826F1945600BADB43 /* NetworkError */ = {
			isa = PBXGroup;
			children = (
				31D5A4D926F1945600BADB43 /* NetworkError.swift */,
			);
			path = NetworkError;
			sourceTree = "<group>";
		};
		31D5A4DA26F1945600BADB43 /* Response */ = {
			isa = PBXGroup;
			children = (
				31D5A4DB26F1945600BADB43 /* ResponseDataModel.swift */,
				31D5A4DC26F1945600BADB43 /* Response + map.swift */,
			);
			path = Response;
			sourceTree = "<group>";
		};
		31D5A4DD26F1945600BADB43 /* Plugins */ = {
			isa = PBXGroup;
			children = (
				31D5A4DE26F1945600BADB43 /* PluginLogger.swift */,
				31D5A4DF26F1945600BADB43 /* PluginTimeout.swift */,
				31D5A4EC26F1A52000BADB43 /* PluginCaches.swift */,
			);
			path = Plugins;
			sourceTree = "<group>";
		};
		31D5A4E626F195F400BADB43 /* TargetType */ = {
			isa = PBXGroup;
			children = (
				31D5A4D726F1945600BADB43 /* CoreTargetType.swift */,
			);
			path = TargetType;
			sourceTree = "<group>";
		};
		31D5A4E726F1999E00BADB43 /* Core */ = {
			isa = PBXGroup;
			children = (
				31D5A4E626F195F400BADB43 /* TargetType */,
				31D5A4D826F1945600BADB43 /* NetworkError */,
				31D5A4DA26F1945600BADB43 /* Response */,
				31D5A4DD26F1945600BADB43 /* Plugins */,
			);
			path = Core;
			sourceTree = "<group>";
		};
		31D5A4E826F199A300BADB43 /* Instance */ = {
			isa = PBXGroup;
			children = (
				31D5A4E926F199B700BADB43 /* LoginTarget.swift */,
			);
			path = Instance;
			sourceTree = "<group>";
		};
/* End PBXGroup section */

/* Begin PBXNativeTarget section */
		31AE94EB26EF2D9900752A5C /* Example */ = {
			isa = PBXNativeTarget;
			buildConfigurationList = 31AE950026EF2D9A00752A5C /* Build configuration list for PBXNativeTarget "Example" */;
			buildPhases = (
				12E3B5ED791E9F7C5032A7E0 /* [CP] Check Pods Manifest.lock */,
				31AE94E826EF2D9900752A5C /* Sources */,
				31AE94E926EF2D9900752A5C /* Frameworks */,
				31AE94EA26EF2D9900752A5C /* Resources */,
				0C7356F104CB614A8F5A86CF /* [CP] Embed Pods Frameworks */,
			);
			buildRules = (
			);
			dependencies = (
			);
			name = Example;
			productName = Example;
			productReference = 31AE94EC26EF2D9900752A5C /* Example.app */;
			productType = "com.apple.product-type.application";
		};
/* End PBXNativeTarget section */

/* Begin PBXProject section */
		31AE94E426EF2D9900752A5C /* Project object */ = {
			isa = PBXProject;
			attributes = {
				LastSwiftUpdateCheck = 1250;
				LastUpgradeCheck = 1250;
				TargetAttributes = {
					31AE94EB26EF2D9900752A5C = {
						CreatedOnToolsVersion = 12.5.1;
					};
				};
			};
			buildConfigurationList = 31AE94E726EF2D9900752A5C /* Build configuration list for PBXProject "Example" */;
			compatibilityVersion = "Xcode 9.3";
			developmentRegion = en;
			hasScannedForEncodings = 0;
			knownRegions = (
				en,
				Base,
			);
			mainGroup = 31AE94E326EF2D9900752A5C;
			productRefGroup = 31AE94ED26EF2D9900752A5C /* Products */;
			projectDirPath = "";
			projectRoot = "";
			targets = (
				31AE94EB26EF2D9900752A5C /* Example */,
			);
		};
/* End PBXProject section */

/* Begin PBXResourcesBuildPhase section */
		31AE94EA26EF2D9900752A5C /* Resources */ = {
			isa = PBXResourcesBuildPhase;
			buildActionMask = 2147483647;
			files = (
				31AE94FC26EF2D9A00752A5C /* LaunchScreen.storyboard in Resources */,
				31AE94F926EF2D9A00752A5C /* Assets.xcassets in Resources */,
				31AE94F726EF2D9900752A5C /* Main.storyboard in Resources */,
			);
			runOnlyForDeploymentPostprocessing = 0;
		};
/* End PBXResourcesBuildPhase section */

/* Begin PBXShellScriptBuildPhase section */
		0C7356F104CB614A8F5A86CF /* [CP] Embed Pods Frameworks */ = {
			isa = PBXShellScriptBuildPhase;
			buildActionMask = 2147483647;
			files = (
			);
			inputFileListPaths = (
				"${PODS_ROOT}/Target Support Files/Pods-Example/Pods-Example-frameworks-${CONFIGURATION}-input-files.xcfilelist",
			);
			name = "[CP] Embed Pods Frameworks";
			outputFileListPaths = (
				"${PODS_ROOT}/Target Support Files/Pods-Example/Pods-Example-frameworks-${CONFIGURATION}-output-files.xcfilelist",
			);
			runOnlyForDeploymentPostprocessing = 0;
			shellPath = /bin/sh;
			shellScript = "\"${PODS_ROOT}/Target Support Files/Pods-Example/Pods-Example-frameworks.sh\"\n";
			showEnvVarsInLog = 0;
		};
		12E3B5ED791E9F7C5032A7E0 /* [CP] Check Pods Manifest.lock */ = {
			isa = PBXShellScriptBuildPhase;
			buildActionMask = 2147483647;
			files = (
			);
			inputFileListPaths = (
			);
			inputPaths = (
				"${PODS_PODFILE_DIR_PATH}/Podfile.lock",
				"${PODS_ROOT}/Manifest.lock",
			);
			name = "[CP] Check Pods Manifest.lock";
			outputFileListPaths = (
			);
			outputPaths = (
				"$(DERIVED_FILE_DIR)/Pods-Example-checkManifestLockResult.txt",
			);
			runOnlyForDeploymentPostprocessing = 0;
			shellPath = /bin/sh;
			shellScript = "diff \"${PODS_PODFILE_DIR_PATH}/Podfile.lock\" \"${PODS_ROOT}/Manifest.lock\" > /dev/null\nif [ $? != 0 ] ; then\n    # print error to STDERR\n    echo \"error: The sandbox is not in sync with the Podfile.lock. Run 'pod install' or update your CocoaPods installation.\" >&2\n    exit 1\nfi\n# This output is used by Xcode 'outputs' to avoid re-running this script phase.\necho \"SUCCESS\" > \"${SCRIPT_OUTPUT_FILE_0}\"\n";
			showEnvVarsInLog = 0;
		};
/* End PBXShellScriptBuildPhase section */

/* Begin PBXSourcesBuildPhase section */
		31AE94E826EF2D9900752A5C /* Sources */ = {
			isa = PBXSourcesBuildPhase;
			buildActionMask = 2147483647;
			files = (
				31AE950C26EF2DD400752A5C /* Production.swift in Sources */,
				31D5A4E126F1945600BADB43 /* NetworkError.swift in Sources */,
				31AE951A26EF33C400752A5C /* ShareInterface.swift in Sources */,
				31D5A4ED26F1A52000BADB43 /* PluginCaches.swift in Sources */,
				31AE950D26EF2DD400752A5C /* EnvironmentManager.swift in Sources */,
				31D5A4E526F1945600BADB43 /* PluginTimeout.swift in Sources */,
				31AE94F426EF2D9900752A5C /* ViewController.swift in Sources */,
				31AE94F026EF2D9900752A5C /* AppDelegate.swift in Sources */,
				31AE950A26EF2DD400752A5C /* Development.swift in Sources */,
				31AE951B26EF33C400752A5C /* SharePlatform.swift in Sources */,
				3172836826F049E60016273B /* GetAccountPlugin.swift in Sources */,
				31D5A4E226F1945600BADB43 /* ResponseDataModel.swift in Sources */,
				31AE952526EF36AA00752A5C /* Router.swift in Sources */,
				31AE952026EF33E000752A5C /* WeChatShare.swift in Sources */,
				31AE951E26EF33D800752A5C /* QQShare.swift in Sources */,
				31AE950B26EF2DD400752A5C /* EnvironmentInterface.swift in Sources */,
				31AE950E26EF2DD400752A5C /* Release.swift in Sources */,
				31AE951826EF33C400752A5C /* ShareObject.swift in Sources */,
				3172837626F08A230016273B /* ImageGroup.swift in Sources */,
				31AE950F26EF2DD400752A5C /* EnvironmentType.swift in Sources */,
				31D5A4E426F1945600BADB43 /* PluginLogger.swift in Sources */,
				31AE951926EF33C400752A5C /* ShareManager.swift in Sources */,
				31D5A4E326F1945600BADB43 /* Response + map.swift in Sources */,
				3172836526F048B50016273B /* WebPluginManager.swift in Sources */,
				3172837426F07D260016273B /* ImagePickerHelper.swift in Sources */,
				31D5A4EA26F199B700BADB43 /* LoginTarget.swift in Sources */,
				31AE952E26EF39E500752A5C /* TargetMember.swift in Sources */,
				31AE953226EF45DE00752A5C /* TargetLogin.swift in Sources */,
				31AE952A26EF370400752A5C /* TargetInterface.swift in Sources */,
				31D5A4E026F1945600BADB43 /* CoreTargetType.swift in Sources */,
				3172836326F0487B0016273B /* WebPluginInterface.swift in Sources */,
				3172837A26F08A5E0016273B /* ImagePickerType.swift in Sources */,
			);
			runOnlyForDeploymentPostprocessing = 0;
		};
/* End PBXSourcesBuildPhase section */

/* Begin PBXVariantGroup section */
		31AE94F526EF2D9900752A5C /* Main.storyboard */ = {
			isa = PBXVariantGroup;
			children = (
				31AE94F626EF2D9900752A5C /* Base */,
			);
			name = Main.storyboard;
			sourceTree = "<group>";
		};
		31AE94FA26EF2D9A00752A5C /* LaunchScreen.storyboard */ = {
			isa = PBXVariantGroup;
			children = (
				31AE94FB26EF2D9A00752A5C /* Base */,
			);
			name = LaunchScreen.storyboard;
			sourceTree = "<group>";
		};
/* End PBXVariantGroup section */

/* Begin XCBuildConfiguration section */
		31AE94FE26EF2D9A00752A5C /* Debug */ = {
			isa = XCBuildConfiguration;
			buildSettings = {
				ALWAYS_SEARCH_USER_PATHS = NO;
				CLANG_ANALYZER_NONNULL = YES;
				CLANG_ANALYZER_NUMBER_OBJECT_CONVERSION = YES_AGGRESSIVE;
				CLANG_CXX_LANGUAGE_STANDARD = "gnu++14";
				CLANG_CXX_LIBRARY = "libc++";
				CLANG_ENABLE_MODULES = YES;
				CLANG_ENABLE_OBJC_ARC = YES;
				CLANG_ENABLE_OBJC_WEAK = YES;
				CLANG_WARN_BLOCK_CAPTURE_AUTORELEASING = YES;
				CLANG_WARN_BOOL_CONVERSION = YES;
				CLANG_WARN_COMMA = YES;
				CLANG_WARN_CONSTANT_CONVERSION = YES;
				CLANG_WARN_DEPRECATED_OBJC_IMPLEMENTATIONS = YES;
				CLANG_WARN_DIRECT_OBJC_ISA_USAGE = YES_ERROR;
				CLANG_WARN_DOCUMENTATION_COMMENTS = YES;
				CLANG_WARN_EMPTY_BODY = YES;
				CLANG_WARN_ENUM_CONVERSION = YES;
				CLANG_WARN_INFINITE_RECURSION = YES;
				CLANG_WARN_INT_CONVERSION = YES;
				CLANG_WARN_NON_LITERAL_NULL_CONVERSION = YES;
				CLANG_WARN_OBJC_IMPLICIT_RETAIN_SELF = YES;
				CLANG_WARN_OBJC_LITERAL_CONVERSION = YES;
				CLANG_WARN_OBJC_ROOT_CLASS = YES_ERROR;
				CLANG_WARN_QUOTED_INCLUDE_IN_FRAMEWORK_HEADER = YES;
				CLANG_WARN_RANGE_LOOP_ANALYSIS = YES;
				CLANG_WARN_STRICT_PROTOTYPES = YES;
				CLANG_WARN_SUSPICIOUS_MOVE = YES;
				CLANG_WARN_UNGUARDED_AVAILABILITY = YES_AGGRESSIVE;
				CLANG_WARN_UNREACHABLE_CODE = YES;
				CLANG_WARN__DUPLICATE_METHOD_MATCH = YES;
				COPY_PHASE_STRIP = NO;
				DEBUG_INFORMATION_FORMAT = dwarf;
				ENABLE_STRICT_OBJC_MSGSEND = YES;
				ENABLE_TESTABILITY = YES;
				GCC_C_LANGUAGE_STANDARD = gnu11;
				GCC_DYNAMIC_NO_PIC = NO;
				GCC_NO_COMMON_BLOCKS = YES;
				GCC_OPTIMIZATION_LEVEL = 0;
				GCC_PREPROCESSOR_DEFINITIONS = (
					"DEBUG=1",
					"$(inherited)",
				);
				GCC_WARN_64_TO_32_BIT_CONVERSION = YES;
				GCC_WARN_ABOUT_RETURN_TYPE = YES_ERROR;
				GCC_WARN_UNDECLARED_SELECTOR = YES;
				GCC_WARN_UNINITIALIZED_AUTOS = YES_AGGRESSIVE;
				GCC_WARN_UNUSED_FUNCTION = YES;
				GCC_WARN_UNUSED_VARIABLE = YES;
				IPHONEOS_DEPLOYMENT_TARGET = 14.5;
				MTL_ENABLE_DEBUG_INFO = INCLUDE_SOURCE;
				MTL_FAST_MATH = YES;
				ONLY_ACTIVE_ARCH = YES;
				SDKROOT = iphoneos;
				SWIFT_ACTIVE_COMPILATION_CONDITIONS = DEBUG;
				SWIFT_OPTIMIZATION_LEVEL = "-Onone";
			};
			name = Debug;
		};
		31AE94FF26EF2D9A00752A5C /* Release */ = {
			isa = XCBuildConfiguration;
			buildSettings = {
				ALWAYS_SEARCH_USER_PATHS = NO;
				CLANG_ANALYZER_NONNULL = YES;
				CLANG_ANALYZER_NUMBER_OBJECT_CONVERSION = YES_AGGRESSIVE;
				CLANG_CXX_LANGUAGE_STANDARD = "gnu++14";
				CLANG_CXX_LIBRARY = "libc++";
				CLANG_ENABLE_MODULES = YES;
				CLANG_ENABLE_OBJC_ARC = YES;
				CLANG_ENABLE_OBJC_WEAK = YES;
				CLANG_WARN_BLOCK_CAPTURE_AUTORELEASING = YES;
				CLANG_WARN_BOOL_CONVERSION = YES;
				CLANG_WARN_COMMA = YES;
				CLANG_WARN_CONSTANT_CONVERSION = YES;
				CLANG_WARN_DEPRECATED_OBJC_IMPLEMENTATIONS = YES;
				CLANG_WARN_DIRECT_OBJC_ISA_USAGE = YES_ERROR;
				CLANG_WARN_DOCUMENTATION_COMMENTS = YES;
				CLANG_WARN_EMPTY_BODY = YES;
				CLANG_WARN_ENUM_CONVERSION = YES;
				CLANG_WARN_INFINITE_RECURSION = YES;
				CLANG_WARN_INT_CONVERSION = YES;
				CLANG_WARN_NON_LITERAL_NULL_CONVERSION = YES;
				CLANG_WARN_OBJC_IMPLICIT_RETAIN_SELF = YES;
				CLANG_WARN_OBJC_LITERAL_CONVERSION = YES;
				CLANG_WARN_OBJC_ROOT_CLASS = YES_ERROR;
				CLANG_WARN_QUOTED_INCLUDE_IN_FRAMEWORK_HEADER = YES;
				CLANG_WARN_RANGE_LOOP_ANALYSIS = YES;
				CLANG_WARN_STRICT_PROTOTYPES = YES;
				CLANG_WARN_SUSPICIOUS_MOVE = YES;
				CLANG_WARN_UNGUARDED_AVAILABILITY = YES_AGGRESSIVE;
				CLANG_WARN_UNREACHABLE_CODE = YES;
				CLANG_WARN__DUPLICATE_METHOD_MATCH = YES;
				COPY_PHASE_STRIP = NO;
				DEBUG_INFORMATION_FORMAT = "dwarf-with-dsym";
				ENABLE_NS_ASSERTIONS = NO;
				ENABLE_STRICT_OBJC_MSGSEND = YES;
				GCC_C_LANGUAGE_STANDARD = gnu11;
				GCC_NO_COMMON_BLOCKS = YES;
				GCC_WARN_64_TO_32_BIT_CONVERSION = YES;
				GCC_WARN_ABOUT_RETURN_TYPE = YES_ERROR;
				GCC_WARN_UNDECLARED_SELECTOR = YES;
				GCC_WARN_UNINITIALIZED_AUTOS = YES_AGGRESSIVE;
				GCC_WARN_UNUSED_FUNCTION = YES;
				GCC_WARN_UNUSED_VARIABLE = YES;
				IPHONEOS_DEPLOYMENT_TARGET = 14.5;
				MTL_ENABLE_DEBUG_INFO = NO;
				MTL_FAST_MATH = YES;
				SDKROOT = iphoneos;
				SWIFT_COMPILATION_MODE = wholemodule;
				SWIFT_OPTIMIZATION_LEVEL = "-O";
				VALIDATE_PRODUCT = YES;
			};
			name = Release;
		};
		31AE950126EF2D9A00752A5C /* Debug */ = {
			isa = XCBuildConfiguration;
			baseConfigurationReference = A1CF6D0EBC322646860E048F /* Pods-Example.debug.xcconfig */;
			buildSettings = {
				ASSETCATALOG_COMPILER_APPICON_NAME = AppIcon;
				ASSETCATALOG_COMPILER_GLOBAL_ACCENT_COLOR_NAME = AccentColor;
				CODE_SIGN_STYLE = Automatic;
				INFOPLIST_FILE = Example/Info.plist;
				LD_RUNPATH_SEARCH_PATHS = (
					"$(inherited)",
					"@executable_path/Frameworks",
				);
				PRODUCT_BUNDLE_IDENTIFIER = com.duarlen.Example;
				PRODUCT_NAME = "$(TARGET_NAME)";
				SWIFT_VERSION = 5.0;
				TARGETED_DEVICE_FAMILY = "1,2";
			};
			name = Debug;
		};
		31AE950226EF2D9A00752A5C /* Release */ = {
			isa = XCBuildConfiguration;
			baseConfigurationReference = DF3D1D5AB735F939AA73E732 /* Pods-Example.release.xcconfig */;
			buildSettings = {
				ASSETCATALOG_COMPILER_APPICON_NAME = AppIcon;
				ASSETCATALOG_COMPILER_GLOBAL_ACCENT_COLOR_NAME = AccentColor;
				CODE_SIGN_STYLE = Automatic;
				INFOPLIST_FILE = Example/Info.plist;
				LD_RUNPATH_SEARCH_PATHS = (
					"$(inherited)",
					"@executable_path/Frameworks",
				);
				PRODUCT_BUNDLE_IDENTIFIER = com.duarlen.Example;
				PRODUCT_NAME = "$(TARGET_NAME)";
				SWIFT_VERSION = 5.0;
				TARGETED_DEVICE_FAMILY = "1,2";
			};
			name = Release;
		};
/* End XCBuildConfiguration section */

/* Begin XCConfigurationList section */
		31AE94E726EF2D9900752A5C /* Build configuration list for PBXProject "Example" */ = {
			isa = XCConfigurationList;
			buildConfigurations = (
				31AE94FE26EF2D9A00752A5C /* Debug */,
				31AE94FF26EF2D9A00752A5C /* Release */,
			);
			defaultConfigurationIsVisible = 0;
			defaultConfigurationName = Release;
		};
		31AE950026EF2D9A00752A5C /* Build configuration list for PBXNativeTarget "Example" */ = {
			isa = XCConfigurationList;
			buildConfigurations = (
				31AE950126EF2D9A00752A5C /* Debug */,
				31AE950226EF2D9A00752A5C /* Release */,
			);
			defaultConfigurationIsVisible = 0;
			defaultConfigurationName = Release;
		};
/* End XCConfigurationList section */
	};
	rootObject = 31AE94E426EF2D9900752A5C /* Project object */;
}
